
Microsoft Visual Studio Solution File, Format Version 12.00
# Visual Studio Version 17
VisualStudioVersion = 17.3.32901.215
MinimumVisualStudioVersion = 10.0.40219.1
Project("{FAE04EC0-301F-11D3-BF4B-00C04F79EFBC}") = "GUI", "GUI\GUI.csproj", "{C910553D-6813-404E-B1A9-5AE81FF17B02}"
EndProject
Project("{FAE04EC0-301F-11D3-BF4B-00C04F79EFBC}") = "DTO", "DTO\DTO.csproj", "{46D5743C-9068-441A-847F-CA21F16EFD5B}"
EndProject
Project("{FAE04EC0-301F-11D3-BF4B-00C04F79EFBC}") = "DAO", "DAO\DAO.csproj", "{43AB75B1-52E5-4D35-9A73-97AC59CED486}"
EndProject
Project("{FAE04EC0-301F-11D3-BF4B-00C04F79EFBC}") = "BUS", "BUS\BUS.csproj", "{086ABBCD-8DFC-4F8D-B23A-668C7C53C49F}"
EndProject
Global
	GlobalSection(SolutionConfigurationPlatforms) = preSolution
		Debug|Any CPU = Debug|Any CPU
		Release|Any CPU = Release|Any CPU
	EndGlobalSection
	GlobalSection(ProjectConfigurationPlatforms) = postSolution
		{C910553D-6813-404E-B1A9-5AE81FF17B02}.Debug|Any CPU.ActiveCfg = Debug|Any CPU
		{C910553D-6813-404E-B1A9-5AE81FF17B02}.Debug|Any CPU.Build.0 = Debug|Any CPU
		{C910553D-6813-404E-B1A9-5AE81FF17B02}.Release|Any CPU.ActiveCfg = Release|Any CPU
		{C910553D-6813-404E-B1A9-5AE81FF17B02}.Release|Any CPU.Build.0 = Release|Any CPU
		{46D5743C-9068-441A-847F-CA21F16EFD5B}.Debug|Any CPU.ActiveCfg = Debug|Any CPU
		{46D5743C-9068-441A-847F-CA21F16EFD5B}.Debug|Any CPU.Build.0 = Debug|Any CPU
		{46D5743C-9068-441A-847F-CA21F16EFD5B}.Release|Any CPU.ActiveCfg = Release|Any CPU
		{46D5743C-9068-441A-847F-CA21F16EFD5B}.Release|Any CPU.Build.0 = Release|Any CPU
		{43AB75B1-52E5-4D35-9A73-97AC59CED486}.Debug|Any CPU.ActiveCfg = Debug|Any CPU
		{43AB75B1-52E5-4D35-9A73-97AC59CED486}.Debug|Any CPU.Build.0 = Debug|Any CPU
		{43AB75B1-52E5-4D35-9A73-97AC59CED486}.Release|Any CPU.ActiveCfg = Release|Any CPU
		{43AB75B1-52E5-4D35-9A73-97AC59CED486}.Release|Any CPU.Build.0 = Release|Any CPU
		{086ABBCD-8DFC-4F8D-B23A-668C7C53C49F}.Debug|Any CPU.ActiveCfg = Debug|Any CPU
		{086ABBCD-8DFC-4F8D-B23A-668C7C53C49F}.Debug|Any CPU.Build.0 = Debug|Any CPU
		{086ABBCD-8DFC-4F8D-B23A-668C7C53C49F}.Release|Any CPU.ActiveCfg = Release|Any CPU
		{086ABBCD-8DFC-4F8D-B23A-668C7C53C49F}.Release|Any CPU.Build.0 = Release|Any CPU
	EndGlobalSection
	GlobalSection(SolutionProperties) = preSolution
		HideSolutionNode = FALSE
	EndGlobalSection
	GlobalSection(ExtensibilityGlobals) = postSolution
		SolutionGuid = {3952B16D-B9E8-4ACB-BD9C-959E0C43B6E0}
	EndGlobalSection
EndGlobal
